// !$*UTF8*$!
{
	archiveVersion = 1;
	classes = {
	};
	objectVersion = 46;
	objects = {

/* Begin PBXBuildFile section */
		A9704C461C33B75100646F79 /* Model.xcdatamodeld in Sources */ = {isa = PBXBuildFile; fileRef = A9704C441C33B75100646F79 /* Model.xcdatamodeld */; };
		A9704C481C33B7AF00646F79 /* LogItem.swift in Sources */ = {isa = PBXBuildFile; fileRef = A9704C471C33B7AF00646F79 /* LogItem.swift */; };
		A9704C4A1C34F27200646F79 /* TutorialViewController.swift in Sources */ = {isa = PBXBuildFile; fileRef = A9704C491C34F27100646F79 /* TutorialViewController.swift */; };
		A9704C4C1C37451300646F79 /* iAd.framework in Frameworks */ = {isa = PBXBuildFile; fileRef = A9704C4B1C37451300646F79 /* iAd.framework */; };
		A98E9D161C30F5620060D11F /* OpenScreenViewController.swift in Sources */ = {isa = PBXBuildFile; fileRef = A98E9D151C30F5620060D11F /* OpenScreenViewController.swift */; };
		A98E9D181C30F6570060D11F /* MainScreenCircle.swift in Sources */ = {isa = PBXBuildFile; fileRef = A98E9D171C30F6570060D11F /* MainScreenCircle.swift */; };
		A98E9D1C1C31B5DC0060D11F /* FailScreenViewController.swift in Sources */ = {isa = PBXBuildFile; fileRef = A98E9D1B1C31B5DC0060D11F /* FailScreenViewController.swift */; };
		A98E9D1E1C3246A50060D11F /* CoreData.framework in Frameworks */ = {isa = PBXBuildFile; fileRef = A98E9D1D1C3246A40060D11F /* CoreData.framework */; };
		A9C5B9CE1C2A5F0A006D9EB0 /* AppDelegate.swift in Sources */ = {isa = PBXBuildFile; fileRef = A9C5B9CD1C2A5F0A006D9EB0 /* AppDelegate.swift */; };
		A9C5B9D01C2A5F0A006D9EB0 /* GameplayViewController.swift in Sources */ = {isa = PBXBuildFile; fileRef = A9C5B9CF1C2A5F0A006D9EB0 /* GameplayViewController.swift */; };
		A9C5B9D31C2A5F0B006D9EB0 /* Main.storyboard in Resources */ = {isa = PBXBuildFile; fileRef = A9C5B9D11C2A5F0B006D9EB0 /* Main.storyboard */; };
		A9C5B9D51C2A5F0B006D9EB0 /* Assets.xcassets in Resources */ = {isa = PBXBuildFile; fileRef = A9C5B9D41C2A5F0B006D9EB0 /* Assets.xcassets */; };
		A9C5B9D81C2A5F0B006D9EB0 /* LaunchScreen.storyboard in Resources */ = {isa = PBXBuildFile; fileRef = A9C5B9D61C2A5F0B006D9EB0 /* LaunchScreen.storyboard */; };
		A9C5B9E31C2A5F0C006D9EB0 /* MemoryCirclesTests.swift in Sources */ = {isa = PBXBuildFile; fileRef = A9C5B9E21C2A5F0C006D9EB0 /* MemoryCirclesTests.swift */; };
		A9C5B9EE1C2A5F0C006D9EB0 /* MemoryCirclesUITests.swift in Sources */ = {isa = PBXBuildFile; fileRef = A9C5B9ED1C2A5F0C006D9EB0 /* MemoryCirclesUITests.swift */; };
		A9C5B9FC1C2A5F7C006D9EB0 /* TapCircleView.swift in Sources */ = {isa = PBXBuildFile; fileRef = A9C5B9FB1C2A5F7C006D9EB0 /* TapCircleView.swift */; };
/* End PBXBuildFile section */

/* Begin PBXContainerItemProxy section */
		A9C5B9DF1C2A5F0C006D9EB0 /* PBXContainerItemProxy */ = {
			isa = PBXContainerItemProxy;
			containerPortal = A9C5B9C21C2A5F0A006D9EB0 /* Project object */;
			proxyType = 1;
			remoteGlobalIDString = A9C5B9C91C2A5F0A006D9EB0;
			remoteInfo = MemoryCircles;
		};
		A9C5B9EA1C2A5F0C006D9EB0 /* PBXContainerItemProxy */ = {
			isa = PBXContainerItemProxy;
			containerPortal = A9C5B9C21C2A5F0A006D9EB0 /* Project object */;
			proxyType = 1;
			remoteGlobalIDString = A9C5B9C91C2A5F0A006D9EB0;
			remoteInfo = MemoryCircles;
		};
/* End PBXContainerItemProxy section */

/* Begin PBXFileReference section */
		A9704C451C33B75100646F79 /* Model.xcdatamodel */ = {isa = PBXFileReference; lastKnownFileType = wrapper.xcdatamodel; path = Model.xcdatamodel; sourceTree = "<group>"; };
		A9704C471C33B7AF00646F79 /* LogItem.swift */ = {isa = PBXFileReference; fileEncoding = 4; lastKnownFileType = sourcecode.swift; name = LogItem.swift; path = ../LogItem.swift; sourceTree = "<group>"; };
		A9704C491C34F27100646F79 /* TutorialViewController.swift */ = {isa = PBXFileReference; fileEncoding = 4; lastKnownFileType = sourcecode.swift; path = TutorialViewController.swift; sourceTree = "<group>"; };
		A9704C4B1C37451300646F79 /* iAd.framework */ = {isa = PBXFileReference; lastKnownFileType = wrapper.framework; name = iAd.framework; path = System/Library/Frameworks/iAd.framework; sourceTree = SDKROOT; };
		A98E9D151C30F5620060D11F /* OpenScreenViewController.swift */ = {isa = PBXFileReference; fileEncoding = 4; lastKnownFileType = sourcecode.swift; name = OpenScreenViewController.swift; path = ../OpenScreenViewController.swift; sourceTree = "<group>"; };
		A98E9D171C30F6570060D11F /* MainScreenCircle.swift */ = {isa = PBXFileReference; fileEncoding = 4; lastKnownFileType = sourcecode.swift; name = MainScreenCircle.swift; path = ../MainScreenCircle.swift; sourceTree = "<group>"; };
		A98E9D1B1C31B5DC0060D11F /* FailScreenViewController.swift */ = {isa = PBXFileReference; fileEncoding = 4; lastKnownFileType = sourcecode.swift; path = FailScreenViewController.swift; sourceTree = "<group>"; };
		A98E9D1D1C3246A40060D11F /* CoreData.framework */ = {isa = PBXFileReference; lastKnownFileType = wrapper.framework; name = CoreData.framework; path = System/Library/Frameworks/CoreData.framework; sourceTree = SDKROOT; };
		A9C5B9CA1C2A5F0A006D9EB0 /* Ring Recall.app */ = {isa = PBXFileReference; explicitFileType = wrapper.application; includeInIndex = 0; path = "Ring Recall.app"; sourceTree = BUILT_PRODUCTS_DIR; };
		A9C5B9CD1C2A5F0A006D9EB0 /* AppDelegate.swift */ = {isa = PBXFileReference; lastKnownFileType = sourcecode.swift; path = AppDelegate.swift; sourceTree = "<group>"; };
		A9C5B9CF1C2A5F0A006D9EB0 /* GameplayViewController.swift */ = {isa = PBXFileReference; lastKnownFileType = sourcecode.swift; path = GameplayViewController.swift; sourceTree = "<group>"; };
		A9C5B9D21C2A5F0B006D9EB0 /* Base */ = {isa = PBXFileReference; lastKnownFileType = file.storyboard; name = Base; path = Base.lproj/Main.storyboard; sourceTree = "<group>"; };
		A9C5B9D41C2A5F0B006D9EB0 /* Assets.xcassets */ = {isa = PBXFileReference; lastKnownFileType = folder.assetcatalog; path = Assets.xcassets; sourceTree = "<group>"; };
		A9C5B9D71C2A5F0B006D9EB0 /* Base */ = {isa = PBXFileReference; lastKnownFileType = file.storyboard; name = Base; path = Base.lproj/LaunchScreen.storyboard; sourceTree = "<group>"; };
		A9C5B9D91C2A5F0B006D9EB0 /* Info.plist */ = {isa = PBXFileReference; lastKnownFileType = text.plist.xml; path = Info.plist; sourceTree = "<group>"; };
		A9C5B9DE1C2A5F0C006D9EB0 /* Ring Recall.xctest */ = {isa = PBXFileReference; explicitFileType = wrapper.cfbundle; includeInIndex = 0; path = "Ring Recall.xctest"; sourceTree = BUILT_PRODUCTS_DIR; };
		A9C5B9E21C2A5F0C006D9EB0 /* MemoryCirclesTests.swift */ = {isa = PBXFileReference; lastKnownFileType = sourcecode.swift; path = MemoryCirclesTests.swift; sourceTree = "<group>"; };
		A9C5B9E41C2A5F0C006D9EB0 /* Info.plist */ = {isa = PBXFileReference; lastKnownFileType = text.plist.xml; path = Info.plist; sourceTree = "<group>"; };
		A9C5B9E91C2A5F0C006D9EB0 /* Ring Recall.xctest */ = {isa = PBXFileReference; explicitFileType = wrapper.cfbundle; includeInIndex = 0; path = "Ring Recall.xctest"; sourceTree = BUILT_PRODUCTS_DIR; };
		A9C5B9ED1C2A5F0C006D9EB0 /* MemoryCirclesUITests.swift */ = {isa = PBXFileReference; lastKnownFileType = sourcecode.swift; path = MemoryCirclesUITests.swift; sourceTree = "<group>"; };
		A9C5B9EF1C2A5F0C006D9EB0 /* Info.plist */ = {isa = PBXFileReference; lastKnownFileType = text.plist.xml; path = Info.plist; sourceTree = "<group>"; };
		A9C5B9FB1C2A5F7C006D9EB0 /* TapCircleView.swift */ = {isa = PBXFileReference; fileEncoding = 4; lastKnownFileType = sourcecode.swift; path = TapCircleView.swift; sourceTree = "<group>"; };
/* End PBXFileReference section */

/* Begin PBXFrameworksBuildPhase section */
		A9C5B9C71C2A5F0A006D9EB0 /* Frameworks */ = {
			isa = PBXFrameworksBuildPhase;
			buildActionMask = 2147483647;
			files = (
				A9704C4C1C37451300646F79 /* iAd.framework in Frameworks */,
				A98E9D1E1C3246A50060D11F /* CoreData.framework in Frameworks */,
			);
			runOnlyForDeploymentPostprocessing = 0;
		};
		A9C5B9DB1C2A5F0C006D9EB0 /* Frameworks */ = {
			isa = PBXFrameworksBuildPhase;
			buildActionMask = 2147483647;
			files = (
			);
			runOnlyForDeploymentPostprocessing = 0;
		};
		A9C5B9E61C2A5F0C006D9EB0 /* Frameworks */ = {
			isa = PBXFrameworksBuildPhase;
			buildActionMask = 2147483647;
			files = (
			);
			runOnlyForDeploymentPostprocessing = 0;
		};
/* End PBXFrameworksBuildPhase section */

/* Begin PBXGroup section */
		A9C5B9C11C2A5F0A006D9EB0 = {
			isa = PBXGroup;
			children = (
				A9704C4B1C37451300646F79 /* iAd.framework */,
				A98E9D1D1C3246A40060D11F /* CoreData.framework */,
				A9C5B9CC1C2A5F0A006D9EB0 /* MemoryCircles */,
				A9C5B9E11C2A5F0C006D9EB0 /* MemoryCirclesTests */,
				A9C5B9EC1C2A5F0C006D9EB0 /* MemoryCirclesUITests */,
				A9C5B9CB1C2A5F0A006D9EB0 /* Products */,
			);
			sourceTree = "<group>";
		};
		A9C5B9CB1C2A5F0A006D9EB0 /* Products */ = {
			isa = PBXGroup;
			children = (
				A9C5B9CA1C2A5F0A006D9EB0 /* Ring Recall.app */,
				A9C5B9DE1C2A5F0C006D9EB0 /* Ring Recall.xctest */,
				A9C5B9E91C2A5F0C006D9EB0 /* Ring Recall.xctest */,
			);
			name = Products;
			sourceTree = "<group>";
		};
		A9C5B9CC1C2A5F0A006D9EB0 /* MemoryCircles */ = {
			isa = PBXGroup;
			children = (
				A9704C471C33B7AF00646F79 /* LogItem.swift */,
				A98E9D171C30F6570060D11F /* MainScreenCircle.swift */,
				A9C5B9CD1C2A5F0A006D9EB0 /* AppDelegate.swift */,
				A98E9D151C30F5620060D11F /* OpenScreenViewController.swift */,
				A9C5B9CF1C2A5F0A006D9EB0 /* GameplayViewController.swift */,
				A9C5B9D11C2A5F0B006D9EB0 /* Main.storyboard */,
				A9704C491C34F27100646F79 /* TutorialViewController.swift */,
				A98E9D1B1C31B5DC0060D11F /* FailScreenViewController.swift */,
				A9C5B9FB1C2A5F7C006D9EB0 /* TapCircleView.swift */,
				A9704C441C33B75100646F79 /* Model.xcdatamodeld */,
				A9C5B9D41C2A5F0B006D9EB0 /* Assets.xcassets */,
				A9C5B9D61C2A5F0B006D9EB0 /* LaunchScreen.storyboard */,
				A9C5B9D91C2A5F0B006D9EB0 /* Info.plist */,
			);
			path = MemoryCircles;
			sourceTree = "<group>";
		};
		A9C5B9E11C2A5F0C006D9EB0 /* MemoryCirclesTests */ = {
			isa = PBXGroup;
			children = (
				A9C5B9E21C2A5F0C006D9EB0 /* MemoryCirclesTests.swift */,
				A9C5B9E41C2A5F0C006D9EB0 /* Info.plist */,
			);
			path = MemoryCirclesTests;
			sourceTree = "<group>";
		};
		A9C5B9EC1C2A5F0C006D9EB0 /* MemoryCirclesUITests */ = {
			isa = PBXGroup;
			children = (
				A9C5B9ED1C2A5F0C006D9EB0 /* MemoryCirclesUITests.swift */,
				A9C5B9EF1C2A5F0C006D9EB0 /* Info.plist */,
			);
			path = MemoryCirclesUITests;
			sourceTree = "<group>";
		};
/* End PBXGroup section */

/* Begin PBXNativeTarget section */
		A9C5B9C91C2A5F0A006D9EB0 /* Ring Recall */ = {
			isa = PBXNativeTarget;
			buildConfigurationList = A9C5B9F21C2A5F0C006D9EB0 /* Build configuration list for PBXNativeTarget "Ring Recall" */;
			buildPhases = (
				A9C5B9C61C2A5F0A006D9EB0 /* Sources */,
				A9C5B9C71C2A5F0A006D9EB0 /* Frameworks */,
				A9C5B9C81C2A5F0A006D9EB0 /* Resources */,
			);
			buildRules = (
			);
			dependencies = (
			);
			name = "Ring Recall";
			productName = MemoryCircles;
			productReference = A9C5B9CA1C2A5F0A006D9EB0 /* Ring Recall.app */;
			productType = "com.apple.product-type.application";
		};
		A9C5B9DD1C2A5F0C006D9EB0 /* Ring RecallTests */ = {
			isa = PBXNativeTarget;
			buildConfigurationList = A9C5B9F51C2A5F0C006D9EB0 /* Build configuration list for PBXNativeTarget "Ring RecallTests" */;
			buildPhases = (
				A9C5B9DA1C2A5F0C006D9EB0 /* Sources */,
				A9C5B9DB1C2A5F0C006D9EB0 /* Frameworks */,
				A9C5B9DC1C2A5F0C006D9EB0 /* Resources */,
			);
			buildRules = (
			);
			dependencies = (
				A9C5B9E01C2A5F0C006D9EB0 /* PBXTargetDependency */,
			);
			name = "Ring RecallTests";
			productName = MemoryCirclesTests;
			productReference = A9C5B9DE1C2A5F0C006D9EB0 /* Ring Recall.xctest */;
			productType = "com.apple.product-type.bundle.unit-test";
		};
		A9C5B9E81C2A5F0C006D9EB0 /* Ring RecallUITests */ = {
			isa = PBXNativeTarget;
			buildConfigurationList = A9C5B9F81C2A5F0C006D9EB0 /* Build configuration list for PBXNativeTarget "Ring RecallUITests" */;
			buildPhases = (
				A9C5B9E51C2A5F0C006D9EB0 /* Sources */,
				A9C5B9E61C2A5F0C006D9EB0 /* Frameworks */,
				A9C5B9E71C2A5F0C006D9EB0 /* Resources */,
			);
			buildRules = (
			);
			dependencies = (
				A9C5B9EB1C2A5F0C006D9EB0 /* PBXTargetDependency */,
			);
			name = "Ring RecallUITests";
			productName = MemoryCirclesUITests;
			productReference = A9C5B9E91C2A5F0C006D9EB0 /* Ring Recall.xctest */;
			productType = "com.apple.product-type.bundle.ui-testing";
		};
/* End PBXNativeTarget section */

/* Begin PBXProject section */
		A9C5B9C21C2A5F0A006D9EB0 /* Project object */ = {
			isa = PBXProject;
			attributes = {
				LastSwiftUpdateCheck = 0720;
				LastUpgradeCheck = 0720;
				ORGANIZATIONNAME = "Jonathan Witten";
				TargetAttributes = {
					A9C5B9C91C2A5F0A006D9EB0 = {
						CreatedOnToolsVersion = 7.2;
						DevelopmentTeam = XA9HBUSBJ5;
					};
					A9C5B9DD1C2A5F0C006D9EB0 = {
						CreatedOnToolsVersion = 7.2;
						DevelopmentTeam = ML4B82SC2L;
						TestTargetID = A9C5B9C91C2A5F0A006D9EB0;
					};
					A9C5B9E81C2A5F0C006D9EB0 = {
						CreatedOnToolsVersion = 7.2;
						DevelopmentTeam = ML4B82SC2L;
						TestTargetID = A9C5B9C91C2A5F0A006D9EB0;
					};
				};
			};
			buildConfigurationList = A9C5B9C51C2A5F0A006D9EB0 /* Build configuration list for PBXProject "Ring Recall" */;
			compatibilityVersion = "Xcode 3.2";
			developmentRegion = English;
			hasScannedForEncodings = 0;
			knownRegions = (
				en,
				Base,
			);
			mainGroup = A9C5B9C11C2A5F0A006D9EB0;
			productRefGroup = A9C5B9CB1C2A5F0A006D9EB0 /* Products */;
			projectDirPath = "";
			projectRoot = "";
			targets = (
				A9C5B9C91C2A5F0A006D9EB0 /* Ring Recall */,
				A9C5B9DD1C2A5F0C006D9EB0 /* Ring RecallTests */,
				A9C5B9E81C2A5F0C006D9EB0 /* Ring RecallUITests */,
			);
		};
/* End PBXProject section */

/* Begin PBXResourcesBuildPhase section */
		A9C5B9C81C2A5F0A006D9EB0 /* Resources */ = {
			isa = PBXResourcesBuildPhase;
			buildActionMask = 2147483647;
			files = (
				A9C5B9D81C2A5F0B006D9EB0 /* LaunchScreen.storyboard in Resources */,
				A9C5B9D51C2A5F0B006D9EB0 /* Assets.xcassets in Resources */,
				A9C5B9D31C2A5F0B006D9EB0 /* Main.storyboard in Resources */,
			);
			runOnlyForDeploymentPostprocessing = 0;
		};
		A9C5B9DC1C2A5F0C006D9EB0 /* Resources */ = {
			isa = PBXResourcesBuildPhase;
			buildActionMask = 2147483647;
			files = (
			);
			runOnlyForDeploymentPostprocessing = 0;
		};
		A9C5B9E71C2A5F0C006D9EB0 /* Resources */ = {
			isa = PBXResourcesBuildPhase;
			buildActionMask = 2147483647;
			files = (
			);
			runOnlyForDeploymentPostprocessing = 0;
		};
/* End PBXResourcesBuildPhase section */

/* Begin PBXSourcesBuildPhase section */
		A9C5B9C61C2A5F0A006D9EB0 /* Sources */ = {
			isa = PBXSourcesBuildPhase;
			buildActionMask = 2147483647;
			files = (
				A9C5B9FC1C2A5F7C006D9EB0 /* TapCircleView.swift in Sources */,
				A9704C4A1C34F27200646F79 /* TutorialViewController.swift in Sources */,
				A9704C481C33B7AF00646F79 /* LogItem.swift in Sources */,
				A9C5B9D01C2A5F0A006D9EB0 /* GameplayViewController.swift in Sources */,
				A98E9D161C30F5620060D11F /* OpenScreenViewController.swift in Sources */,
				A9704C461C33B75100646F79 /* Model.xcdatamodeld in Sources */,
				A98E9D181C30F6570060D11F /* MainScreenCircle.swift in Sources */,
				A98E9D1C1C31B5DC0060D11F /* FailScreenViewController.swift in Sources */,
				A9C5B9CE1C2A5F0A006D9EB0 /* AppDelegate.swift in Sources */,
			);
			runOnlyForDeploymentPostprocessing = 0;
		};
		A9C5B9DA1C2A5F0C006D9EB0 /* Sources */ = {
			isa = PBXSourcesBuildPhase;
			buildActionMask = 2147483647;
			files = (
				A9C5B9E31C2A5F0C006D9EB0 /* MemoryCirclesTests.swift in Sources */,
			);
			runOnlyForDeploymentPostprocessing = 0;
		};
		A9C5B9E51C2A5F0C006D9EB0 /* Sources */ = {
			isa = PBXSourcesBuildPhase;
			buildActionMask = 2147483647;
			files = (
				A9C5B9EE1C2A5F0C006D9EB0 /* MemoryCirclesUITests.swift in Sources */,
			);
			runOnlyForDeploymentPostprocessing = 0;
		};
/* End PBXSourcesBuildPhase section */

/* Begin PBXTargetDependency section */
		A9C5B9E01C2A5F0C006D9EB0 /* PBXTargetDependency */ = {
			isa = PBXTargetDependency;
			target = A9C5B9C91C2A5F0A006D9EB0 /* Ring Recall */;
			targetProxy = A9C5B9DF1C2A5F0C006D9EB0 /* PBXContainerItemProxy */;
		};
		A9C5B9EB1C2A5F0C006D9EB0 /* PBXTargetDependency */ = {
			isa = PBXTargetDependency;
			target = A9C5B9C91C2A5F0A006D9EB0 /* Ring Recall */;
			targetProxy = A9C5B9EA1C2A5F0C006D9EB0 /* PBXContainerItemProxy */;
		};
/* End PBXTargetDependency section */

/* Begin PBXVariantGroup section */
		A9C5B9D11C2A5F0B006D9EB0 /* Main.storyboard */ = {
			isa = PBXVariantGroup;
			children = (
				A9C5B9D21C2A5F0B006D9EB0 /* Base */,
			);
			name = Main.storyboard;
			sourceTree = "<group>";
		};
		A9C5B9D61C2A5F0B006D9EB0 /* LaunchScreen.storyboard */ = {
			isa = PBXVariantGroup;
			children = (
				A9C5B9D71C2A5F0B006D9EB0 /* Base */,
			);
			name = LaunchScreen.storyboard;
			sourceTree = "<group>";
		};
/* End PBXVariantGroup section */

/* Begin XCBuildConfiguration section */
		A9C5B9F01C2A5F0C006D9EB0 /* Debug */ = {
			isa = XCBuildConfiguration;
			buildSettings = {
				ALWAYS_SEARCH_USER_PATHS = NO;
				CLANG_CXX_LANGUAGE_STANDARD = "gnu++0x";
				CLANG_CXX_LIBRARY = "libc++";
				CLANG_ENABLE_MODULES = YES;
				CLANG_ENABLE_OBJC_ARC = YES;
				CLANG_WARN_BOOL_CONVERSION = YES;
				CLANG_WARN_CONSTANT_CONVERSION = YES;
				CLANG_WARN_DIRECT_OBJC_ISA_USAGE = YES_ERROR;
				CLANG_WARN_EMPTY_BODY = YES;
				CLANG_WARN_ENUM_CONVERSION = YES;
				CLANG_WARN_INT_CONVERSION = YES;
				CLANG_WARN_OBJC_ROOT_CLASS = YES_ERROR;
				CLANG_WARN_UNREACHABLE_CODE = YES;
				CLANG_WARN__DUPLICATE_METHOD_MATCH = YES;
				"CODE_SIGN_IDENTITY[sdk=iphoneos*]" = "iPhone Developer";
				COPY_PHASE_STRIP = NO;
				DEBUG_INFORMATION_FORMAT = dwarf;
				ENABLE_STRICT_OBJC_MSGSEND = YES;
				ENABLE_TESTABILITY = YES;
				GCC_C_LANGUAGE_STANDARD = gnu99;
				GCC_DYNAMIC_NO_PIC = NO;
				GCC_NO_COMMON_BLOCKS = YES;
				GCC_OPTIMIZATION_LEVEL = 0;
				GCC_PREPROCESSOR_DEFINITIONS = (
					"DEBUG=1",
					"$(inherited)",
				);
				GCC_WARN_64_TO_32_BIT_CONVERSION = YES;
				GCC_WARN_ABOUT_RETURN_TYPE = YES_ERROR;
				GCC_WARN_UNDECLARED_SELECTOR = YES;
				GCC_WARN_UNINITIALIZED_AUTOS = YES_AGGRESSIVE;
				GCC_WARN_UNUSED_FUNCTION = YES;
				GCC_WARN_UNUSED_VARIABLE = YES;
				IPHONEOS_DEPLOYMENT_TARGET = 9.2;
				MTL_ENABLE_DEBUG_INFO = YES;
				ONLY_ACTIVE_ARCH = YES;
				SDKROOT = iphoneos;
				SWIFT_OPTIMIZATION_LEVEL = "-Onone";
				TARGETED_DEVICE_FAMILY = "1,2";
			};
			name = Debug;
		};
		A9C5B9F11C2A5F0C006D9EB0 /* Release */ = {
			isa = XCBuildConfiguration;
			buildSettings = {
				ALWAYS_SEARCH_USER_PATHS = NO;
				CLANG_CXX_LANGUAGE_STANDARD = "gnu++0x";
				CLANG_CXX_LIBRARY = "libc++";
				CLANG_ENABLE_MODULES = YES;
				CLANG_ENABLE_OBJC_ARC = YES;
				CLANG_WARN_BOOL_CONVERSION = YES;
				CLANG_WARN_CONSTANT_CONVERSION = YES;
				CLANG_WARN_DIRECT_OBJC_ISA_USAGE = YES_ERROR;
				CLANG_WARN_EMPTY_BODY = YES;
				CLANG_WARN_ENUM_CONVERSION = YES;
				CLANG_WARN_INT_CONVERSION = YES;
				CLANG_WARN_OBJC_ROOT_CLASS = YES_ERROR;
				CLANG_WARN_UNREACHABLE_CODE = YES;
				CLANG_WARN__DUPLICATE_METHOD_MATCH = YES;
				"CODE_SIGN_IDENTITY[sdk=iphoneos*]" = "iPhone Developer";
				COPY_PHASE_STRIP = NO;
				DEBUG_INFORMATION_FORMAT = "dwarf-with-dsym";
				ENABLE_NS_ASSERTIONS = NO;
				ENABLE_STRICT_OBJC_MSGSEND = YES;
				GCC_C_LANGUAGE_STANDARD = gnu99;
				GCC_NO_COMMON_BLOCKS = YES;
				GCC_WARN_64_TO_32_BIT_CONVERSION = YES;
				GCC_WARN_ABOUT_RETURN_TYPE = YES_ERROR;
				GCC_WARN_UNDECLARED_SELECTOR = YES;
				GCC_WARN_UNINITIALIZED_AUTOS = YES_AGGRESSIVE;
				GCC_WARN_UNUSED_FUNCTION = YES;
				GCC_WARN_UNUSED_VARIABLE = YES;
				IPHONEOS_DEPLOYMENT_TARGET = 9.2;
				MTL_ENABLE_DEBUG_INFO = NO;
				SDKROOT = iphoneos;
				TARGETED_DEVICE_FAMILY = "1,2";
				VALIDATE_PRODUCT = YES;
			};
			name = Release;
		};
		A9C5B9F31C2A5F0C006D9EB0 /* Debug */ = {
			isa = XCBuildConfiguration;
			buildSettings = {
				ASSETCATALOG_COMPILER_APPICON_NAME = AppIcon;
				CODE_SIGN_IDENTITY = "iPhone Distribution: Jonathan Witten (XA9HBUSBJ5)";
				"CODE_SIGN_IDENTITY[sdk=iphoneos*]" = "iPhone Developer";
				INFOPLIST_FILE = MemoryCircles/Info.plist;
				IPHONEOS_DEPLOYMENT_TARGET = 9.0;
				LD_RUNPATH_SEARCH_PATHS = "$(inherited) @executable_path/Frameworks";
				PRODUCT_BUNDLE_IDENTIFIER = jdwitten.RingRecallFinal;
				PRODUCT_NAME = "Ring Recall";
				PROVISIONING_PROFILE = "";
			};
			name = Debug;
		};
		A9C5B9F41C2A5F0C006D9EB0 /* Release */ = {
			isa = XCBuildConfiguration;
			buildSettings = {
				ASSETCATALOG_COMPILER_APPICON_NAME = AppIcon;
				CODE_SIGN_IDENTITY = "iPhone Distribution: Jonathan Witten (XA9HBUSBJ5)";
				"CODE_SIGN_IDENTITY[sdk=iphoneos*]" = "iPhone Developer";
				INFOPLIST_FILE = MemoryCircles/Info.plist;
				IPHONEOS_DEPLOYMENT_TARGET = 9.0;
				LD_RUNPATH_SEARCH_PATHS = "$(inherited) @executable_path/Frameworks";
				PRODUCT_BUNDLE_IDENTIFIER = jdwitten.RingRecallFinal;
				PRODUCT_NAME = "Ring Recall";
				PROVISIONING_PROFILE = "";
			};
			name = Release;
		};
		A9C5B9F61C2A5F0C006D9EB0 /* Debug */ = {
			isa = XCBuildConfiguration;
			buildSettings = {
				BUNDLE_LOADER = "$(TEST_HOST)";
				INFOPLIST_FILE = MemoryCirclesTests/Info.plist;
				LD_RUNPATH_SEARCH_PATHS = "$(inherited) @executable_path/Frameworks @loader_path/Frameworks";
				PRODUCT_BUNDLE_IDENTIFIER = jdwitten.MemoryCirclesTests;
				PRODUCT_NAME = "Ring Recall";
				TEST_HOST = "$(BUILT_PRODUCTS_DIR)/Ring Recall.app/Ring Recall";
			};
			name = Debug;
		};
		A9C5B9F71C2A5F0C006D9EB0 /* Release */ = {
			isa = XCBuildConfiguration;
			buildSettings = {
				BUNDLE_LOADER = "$(TEST_HOST)";
				INFOPLIST_FILE = MemoryCirclesTests/Info.plist;
				LD_RUNPATH_SEARCH_PATHS = "$(inherited) @executable_path/Frameworks @loader_path/Frameworks";
				PRODUCT_BUNDLE_IDENTIFIER = jdwitten.MemoryCirclesTests;
				PRODUCT_NAME = "Ring Recall";
				TEST_HOST = "$(BUILT_PRODUCTS_DIR)/Ring Recall.app/Ring Recall";
			};
			name = Release;
		};
		A9C5B9F91C2A5F0C006D9EB0 /* Debug */ = {
			isa = XCBuildConfiguration;
			buildSettings = {
				INFOPLIST_FILE = MemoryCirclesUITests/Info.plist;
				LD_RUNPATH_SEARCH_PATHS = "$(inherited) @executable_path/Frameworks @loader_path/Frameworks";
				PRODUCT_BUNDLE_IDENTIFIER = jdwitten.MemoryCirclesUITests;
				PRODUCT_NAME = "Ring Recall";
				TEST_TARGET_NAME = MemoryCircles;
				USES_XCTRUNNER = YES;
			};
			name = Debug;
		};
		A9C5B9FA1C2A5F0C006D9EB0 /* Release */ = {
			isa = XCBuildConfiguration;
			buildSettings = {
				INFOPLIST_FILE = MemoryCirclesUITests/Info.plist;
				LD_RUNPATH_SEARCH_PATHS = "$(inherited) @executable_path/Frameworks @loader_path/Frameworks";
				PRODUCT_BUNDLE_IDENTIFIER = jdwitten.MemoryCirclesUITests;
				PRODUCT_NAME = "Ring Recall";
				TEST_TARGET_NAME = MemoryCircles;
				USES_XCTRUNNER = YES;
			};
			name = Release;
		};
/* End XCBuildConfiguration section */

/* Begin XCConfigurationList section */
		A9C5B9C51C2A5F0A006D9EB0 /* Build configuration list for PBXProject "Ring Recall" */ = {
			isa = XCConfigurationList;
			buildConfigurations = (
				A9C5B9F01C2A5F0C006D9EB0 /* Debug */,
				A9C5B9F11C2A5F0C006D9EB0 /* Release */,
			);
			defaultConfigurationIsVisible = 0;
			defaultConfigurationName = Release;
		};
		A9C5B9F21C2A5F0C006D9EB0 /* Build configuration list for PBXNativeTarget "Ring Recall" */ = {
			isa = XCConfigurationList;
			buildConfigurations = (
				A9C5B9F31C2A5F0C006D9EB0 /* Debug */,
				A9C5B9F41C2A5F0C006D9EB0 /* Release */,
			);
			defaultConfigurationIsVisible = 0;
			defaultConfigurationName = Release;
		};
		A9C5B9F51C2A5F0C006D9EB0 /* Build configuration list for PBXNativeTarget "Ring RecallTests" */ = {
			isa = XCConfigurationList;
			buildConfigurations = (
				A9C5B9F61C2A5F0C006D9EB0 /* Debug */,
				A9C5B9F71C2A5F0C006D9EB0 /* Release */,
			);
			defaultConfigurationIsVisible = 0;
			defaultConfigurationName = Release;
		};
		A9C5B9F81C2A5F0C006D9EB0 /* Build configuration list for PBXNativeTarget "Ring RecallUITests" */ = {
			isa = XCConfigurationList;
			buildConfigurations = (
				A9C5B9F91C2A5F0C006D9EB0 /* Debug */,
				A9C5B9FA1C2A5F0C006D9EB0 /* Release */,
			);
			defaultConfigurationIsVisible = 0;
			defaultConfigurationName = Release;
		};
/* End XCConfigurationList section */

/* Begin XCVersionGroup section */
		A9704C441C33B75100646F79 /* Model.xcdatamodeld */ = {
			isa = XCVersionGroup;
			children = (
				A9704C451C33B75100646F79 /* Model.xcdatamodel */,
			);
			currentVersion = A9704C451C33B75100646F79 /* Model.xcdatamodel */;
			name = Model.xcdatamodeld;
			path = ../Model.xcdatamodeld;
			sourceTree = "<group>";
			versionGroupType = wrapper.xcdatamodel;
		};
/* End XCVersionGroup section */
	};
	rootObject = A9C5B9C21C2A5F0A006D9EB0 /* Project object */;
}
